{
  "nodes": {
    "flake-compat": {
      "locked": {
        "lastModified": 1746162366,
        "narHash": "sha256-5SSSZ/oQkwfcAz/o/6TlejlVGqeK08wyREBQ5qFFPhM=",
        "owner": "nix-community",
        "repo": "flake-compat",
        "rev": "0f158086a2ecdbb138cd0429410e44994f1b7e4b",
        "type": "github"
      },
      "original": {
        "owner": "nix-community",
        "repo": "flake-compat",
        "type": "github"
      }
    },
    "home-manager": {
      "inputs": {
        "nixpkgs": [
          "nixpkgs"
        ]
      },
      "locked": {
        "lastModified": 1764866045,
        "narHash": "sha256-0GsEtXV9OquDQ1VclQfP16cU5VZh7NEVIOjSH4UaJuM=",
        "owner": "nix-community",
        "repo": "home-manager",
        "rev": "f63d0fe9d81d36e5fc95497217a72e02b8b7bcab",
        "type": "github"
      },
      "original": {
        "owner": "nix-community",
        "ref": "release-25.11",
        "repo": "home-manager",
        "type": "github"
      }
    },
    "niri": {
      "inputs": {
        "niri-stable": "niri-stable",
        "niri-unstable": "niri-unstable",
        "nixpkgs": "nixpkgs",
        "nixpkgs-stable": "nixpkgs-stable",
        "xwayland-satellite-stable": "xwayland-satellite-stable",
        "xwayland-satellite-unstable": "xwayland-satellite-unstable"
      },
      "locked": {
        "lastModified": 1764953185,
        "narHash": "sha256-/hs5iaB/hYlI98KVXBmVBCcX8Wv/dFYzEJRPVaJnLHI=",
        "owner": "sodiboo",
        "repo": "niri-flake",
        "rev": "d2b052250b58be2aba48c30a3ccc65443e786e97",
        "type": "github"
      },
      "original": {
        "owner": "sodiboo",
        "repo": "niri-flake",
        "type": "github"
      }
    },
    "niri-stable": {
      "flake": false,
      "locked": {
        "lastModified": 1756556321,
        "narHash": "sha256-RLD89dfjN0RVO86C/Mot0T7aduCygPGaYbog566F0Qo=",
        "owner": "YaLTeR",
        "repo": "niri",
        "rev": "01be0e65f4eb91a9cd624ac0b76aaeab765c7294",
        "type": "github"
      },
      "original": {
        "owner": "YaLTeR",
        "ref": "v25.08",
        "repo": "niri",
        "type": "github"
      }
    },
    "niri-unstable": {
      "flake": false,
      "locked": {
        "lastModified": 1764678181,
        "narHash": "sha256-TMs2Px19UAG06zITXAH7efl7X8G7BDyMCy1ilX/8wy0=",
        "owner": "YaLTeR",
        "repo": "niri",
        "rev": "f874b2fce50e0f7ba21e270c86cfa168a1506b82",
        "type": "github"
      },
      "original": {
        "owner": "YaLTeR",
        "repo": "niri",
        "type": "github"
      }
    },
    "nixos-apple-silicon": {
      "inputs": {
        "flake-compat": "flake-compat",
        "nixpkgs": [
          "nixpkgs"
        ]
      },
      "locked": {
        "lastModified": 1764852467,
        "narHash": "sha256-t20jUJE2S6aqh5YjUgjgP+u/uRmOV6CTGtBLKsA0/fQ=",
        "owner": "nix-community",
        "repo": "nixos-apple-silicon",
        "rev": "0ec4039ef904591afd235146a9a30945b6c8c0e3",
        "type": "github"
      },
      "original": {
        "owner": "nix-community",
        "repo": "nixos-apple-silicon",
        "type": "github"
      }
    },
    "nixpkgs": {
      "locked": {
        "lastModified": 1764667669,
        "narHash": "sha256-7WUCZfmqLAssbDqwg9cUDAXrSoXN79eEEq17qhTNM/Y=",
        "owner": "NixOS",
        "repo": "nixpkgs",
        "rev": "418468ac9527e799809c900eda37cbff999199b6",
        "type": "github"
      },
      "original": {
        "owner": "NixOS",
        "ref": "nixos-unstable",
        "repo": "nixpkgs",
        "type": "github"
      }
    },
    "nixpkgs-mesa": {
      "locked": {
        "lastModified": 1761817761,
        "narHash": "sha256-qAEhDH77SIUUOUQC6DYYR+LGTAK+OctxBJPpo9rGMwc=",
        "owner": "nixos",
        "repo": "nixpkgs",
        "rev": "2b1f0ea3ee3952e68b164efa0a1c5e394ef2e781",
        "type": "github"
      },
      "original": {
        "owner": "nixos",
        "repo": "nixpkgs",
        "rev": "2b1f0ea3ee3952e68b164efa0a1c5e394ef2e781",
        "type": "github"
      }
    },
    "nixpkgs-stable": {
      "locked": {
        "lastModified": 1764836381,
        "narHash": "sha256-8jemYbbW9EBttQKHep7Rj8kzXaxsrk/lACdXA2DN5Xk=",
        "owner": "NixOS",
        "repo": "nixpkgs",
        "rev": "ff06bd3398fb1bea6c937039ece7e7c8aa396ebf",
        "type": "github"
      },
      "original": {
        "owner": "NixOS",
        "ref": "nixos-25.05",
        "repo": "nixpkgs",
        "type": "github"
      }
    },
    "nixpkgs-unstable": {
      "locked": {
        "lastModified": 1764667669,
        "narHash": "sha256-7WUCZfmqLAssbDqwg9cUDAXrSoXN79eEEq17qhTNM/Y=",
        "owner": "nixos",
        "repo": "nixpkgs",
        "rev": "418468ac9527e799809c900eda37cbff999199b6",
        "type": "github"
      },
      "original": {
        "owner": "nixos",
        "ref": "nixos-unstable",
        "repo": "nixpkgs",
        "type": "github"
      }
    },
    "nixpkgs_2": {
      "locked": {
        "lastModified": 1764677808,
        "narHash": "sha256-H3lC7knbXOBrHI9hITQ7modLuX20mYJVhZORL5ioms0=",
        "owner": "nixos",
        "repo": "nixpkgs",
        "rev": "1aab89277eb2d87823d5b69bae631a2496cff57a",
        "type": "github"
      },
      "original": {
        "owner": "nixos",
        "ref": "nixos-25.11",
        "repo": "nixpkgs",
        "type": "github"
      }
    },
    "noctalia": {
      "inputs": {
        "nixpkgs": [
          "nixpkgs"
        ]
      },
      "locked": {
        "lastModified": 1764877413,
        "narHash": "sha256-d8oP4Fe/hW3expXvQNGrck3TPMLcggJ5ubbscanJ6hw=",
        "owner": "noctalia-dev",
        "repo": "noctalia-shell",
        "rev": "554e9111175ec8954c7a94e28f212877ab4f8d9b",
        "type": "github"
      },
      "original": {
        "owner": "noctalia-dev",
        "repo": "noctalia-shell",
        "type": "github"
      }
    },
    "root": {
      "inputs": {
        "home-manager": "home-manager",
        "niri": "niri",
        "nixos-apple-silicon": "nixos-apple-silicon",
        "nixpkgs": "nixpkgs_2",
        "nixpkgs-mesa": "nixpkgs-mesa",
        "nixpkgs-unstable": "nixpkgs-unstable",
        "noctalia": "noctalia"
      }
    },
    "xwayland-satellite-stable": {
      "flake": false,
      "locked": {
        "lastModified": 1755491097,
        "narHash": "sha256-m+9tUfsmBeF2Gn4HWa6vSITZ4Gz1eA1F5Kh62B0N4oE=",
        "owner": "Supreeeme",
        "repo": "xwayland-satellite",
        "rev": "388d291e82ffbc73be18169d39470f340707edaa",
        "type": "github"
      },
      "original": {
        "owner": "Supreeeme",
        "ref": "v0.7",
        "repo": "xwayland-satellite",
        "type": "github"
      }
    },
    "xwayland-satellite-unstable": {
      "flake": false,
      "locked": {
        "lastModified": 1764721075,
        "narHash": "sha256-ChH4nq0cMEEkzkHqKlQt5Z7wxrk8ybcEHuA1YKAYmV0=",
        "owner": "Supreeeme",
        "repo": "xwayland-satellite",
        "rev": "1b918e29b419e89910014054e8b71d54c9235ea5",
        "type": "github"
      },
      "original": {
        "owner": "Supreeeme",
        "repo": "xwayland-satellite",
        "type": "github"
      }
    }
  },
  "root": "root",
  "version": 7
}
